{"version":4,"terraform_version":"1.10.3","serial":6,"lineage":"474f3752-1d8b-3de1-9113-e62bfa61fd52","outputs":{},"resources":[{"mode":"managed","type":"local_file","name":"test","provider":"provider[\"registry.opentofu.org/hashicorp/local\"]","instances":[{"schema_version":0,"attributes":{"content":"Hello, World Agent 007 !","content_base64":null,"content_base64sha256":"J2IF6JVZ8ih0y+TugZdY99veKwhwb3L789MXZOIQm3Y=","content_base64sha512":"liwwPPjJLDJvhwtdGxzE0PDTyHwmFVIp3A3k9olaNwFNPmk2SRbFZ5h8uwT04m9alXZyXnufgwGnJm4f1I7gLA==","content_md5":"3748adfd4fb6b85b6fbf21f0d1833a9e","content_sha1":"7f3593867d64474a9653005a693acfab11ecd967","content_sha256":"276205e89559f22874cbe4ee819758f7dbde2b08706f72fbf3d31764e2109b76","content_sha512":"962c303cf8c92c326f870b5d1b1cc4d0f0d3c87c26155229dc0de4f6895a37014d3e69364916c567987cbb04f4e26f5a9576725e7b9f8301a7266e1fd48ee02c","directory_permission":"0777","file_permission":"0777","filename":"./test.txt","id":"7f3593867d64474a9653005a693acfab11ecd967","sensitive_content":null,"source":null},"sensitive_attributes":[[{"type":"get_attr","value":"sensitive_content"}]]}]}],"check_results":null}
